// !$*UTF8*$!
{
	archiveVersion = 1;
	classes = {
	};
	objectVersion = 77;
	objects = {

/* Begin PBXBuildFile section */
		C40457862DFA415900970945 /* APIKeys.swift in Sources */ = {isa = PBXBuildFile; fileRef = C40457852DFA415300970945 /* APIKeys.swift */; };
		C49106E22DE7C3E000A13B11 /* AppDelegate.swift in Sources */ = {isa = PBXBuildFile; fileRef = C49106D82DE7C3E000A13B11 /* AppDelegate.swift */; };
		C49106E32DE7C3E000A13B11 /* SceneDelegate.swift in Sources */ = {isa = PBXBuildFile; fileRef = C49106DF2DE7C3E000A13B11 /* SceneDelegate.swift */; };
		C49106E42DE7C3E000A13B11 /* ChatViewController.swift in Sources */ = {isa = PBXBuildFile; fileRef = C49106E02DE7C3E000A13B11 /* ChatViewController.swift */; };
		C49106E52DE7C3E000A13B11 /* Assets.xcassets in Resources */ = {isa = PBXBuildFile; fileRef = C49106D92DE7C3E000A13B11 /* Assets.xcassets */; };
		C49106E72DE7C3E000A13B11 /* LaunchScreen.storyboard in Resources */ = {isa = PBXBuildFile; fileRef = C49106DC2DE7C3E000A13B11 /* LaunchScreen.storyboard */; };
		C49106ED2DE7C50400A13B11 /* ChatScreen.swift in Sources */ = {isa = PBXBuildFile; fileRef = C49106EC2DE7C50400A13B11 /* ChatScreen.swift */; };
		C49F0EF72DF0FD100077DE93 /* UIColor.swift in Sources */ = {isa = PBXBuildFile; fileRef = C49F0EF42DF0FD100077DE93 /* UIColor.swift */; };
		C49F0EF82DF0FD100077DE93 /* UIFont+Extension.swift in Sources */ = {isa = PBXBuildFile; fileRef = C49F0EF52DF0FD100077DE93 /* UIFont+Extension.swift */; };
		C49F0EFA2DF0FD410077DE93 /* IncomingTableViewCell.swift in Sources */ = {isa = PBXBuildFile; fileRef = C49F0EF92DF0FD410077DE93 /* IncomingTableViewCell.swift */; };
		C49F0EFC2DF103280077DE93 /* OutGoingTableViewCell.swift in Sources */ = {isa = PBXBuildFile; fileRef = C49F0EFB2DF103280077DE93 /* OutGoingTableViewCell.swift */; };
		C49F0F002DF103A90077DE93 /* ChatViewModel.swift in Sources */ = {isa = PBXBuildFile; fileRef = C49F0EFF2DF103A90077DE93 /* ChatViewModel.swift */; };
		C49F0F022DF103B10077DE93 /* Message.swift in Sources */ = {isa = PBXBuildFile; fileRef = C49F0F012DF103AF0077DE93 /* Message.swift */; };
		C49F0F042DF10A210077DE93 /* String+Extension.swift in Sources */ = {isa = PBXBuildFile; fileRef = C49F0F032DF10A150077DE93 /* String+Extension.swift */; };
		C49F0F092DF10B8E0077DE93 /* send.wav in Resources */ = {isa = PBXBuildFile; fileRef = C49F0F072DF10B8E0077DE93 /* send.wav */; };
		C4A8EB262DFB947600BBD57A /* ChatService.swift in Sources */ = {isa = PBXBuildFile; fileRef = C4A8EB252DFB947600BBD57A /* ChatService.swift */; };
/* End PBXBuildFile section */

/* Begin PBXFileReference section */
		C40457852DFA415300970945 /* APIKeys.swift */ = {isa = PBXFileReference; lastKnownFileType = sourcecode.swift; path = APIKeys.swift; sourceTree = "<group>"; };
		C49106C02DE7C2C600A13B11 /* ChatGPT.app */ = {isa = PBXFileReference; explicitFileType = wrapper.application; includeInIndex = 0; path = ChatGPT.app; sourceTree = BUILT_PRODUCTS_DIR; };
		C49106D82DE7C3E000A13B11 /* AppDelegate.swift */ = {isa = PBXFileReference; lastKnownFileType = sourcecode.swift; path = AppDelegate.swift; sourceTree = "<group>"; };
		C49106D92DE7C3E000A13B11 /* Assets.xcassets */ = {isa = PBXFileReference; lastKnownFileType = folder.assetcatalog; path = Assets.xcassets; sourceTree = "<group>"; };
		C49106DA2DE7C3E000A13B11 /* Info.plist */ = {isa = PBXFileReference; lastKnownFileType = text.plist.xml; path = Info.plist; sourceTree = "<group>"; };
		C49106DB2DE7C3E000A13B11 /* Base */ = {isa = PBXFileReference; lastKnownFileType = file.storyboard; name = Base; path = Base.lproj/LaunchScreen.storyboard; sourceTree = "<group>"; };
		C49106DF2DE7C3E000A13B11 /* SceneDelegate.swift */ = {isa = PBXFileReference; lastKnownFileType = sourcecode.swift; path = SceneDelegate.swift; sourceTree = "<group>"; };
		C49106E02DE7C3E000A13B11 /* ChatViewController.swift */ = {isa = PBXFileReference; lastKnownFileType = sourcecode.swift; path = ChatViewController.swift; sourceTree = "<group>"; };
		C49106EC2DE7C50400A13B11 /* ChatScreen.swift */ = {isa = PBXFileReference; lastKnownFileType = sourcecode.swift; path = ChatScreen.swift; sourceTree = "<group>"; };
		C49F0EF42DF0FD100077DE93 /* UIColor.swift */ = {isa = PBXFileReference; lastKnownFileType = sourcecode.swift; path = UIColor.swift; sourceTree = "<group>"; };
		C49F0EF52DF0FD100077DE93 /* UIFont+Extension.swift */ = {isa = PBXFileReference; lastKnownFileType = sourcecode.swift; path = "UIFont+Extension.swift"; sourceTree = "<group>"; };
		C49F0EF92DF0FD410077DE93 /* IncomingTableViewCell.swift */ = {isa = PBXFileReference; lastKnownFileType = sourcecode.swift; path = IncomingTableViewCell.swift; sourceTree = "<group>"; };
		C49F0EFB2DF103280077DE93 /* OutGoingTableViewCell.swift */ = {isa = PBXFileReference; lastKnownFileType = sourcecode.swift; path = OutGoingTableViewCell.swift; sourceTree = "<group>"; };
		C49F0EFF2DF103A90077DE93 /* ChatViewModel.swift */ = {isa = PBXFileReference; lastKnownFileType = sourcecode.swift; path = ChatViewModel.swift; sourceTree = "<group>"; };
		C49F0F012DF103AF0077DE93 /* Message.swift */ = {isa = PBXFileReference; lastKnownFileType = sourcecode.swift; path = Message.swift; sourceTree = "<group>"; };
		C49F0F032DF10A150077DE93 /* String+Extension.swift */ = {isa = PBXFileReference; lastKnownFileType = sourcecode.swift; path = "String+Extension.swift"; sourceTree = "<group>"; };
		C49F0F072DF10B8E0077DE93 /* send.wav */ = {isa = PBXFileReference; lastKnownFileType = audio.wav; path = send.wav; sourceTree = "<group>"; };
		C4A8EB252DFB947600BBD57A /* ChatService.swift */ = {isa = PBXFileReference; lastKnownFileType = sourcecode.swift; path = ChatService.swift; sourceTree = "<group>"; };
/* End PBXFileReference section */

/* Begin PBXFrameworksBuildPhase section */
		C49106BD2DE7C2C600A13B11 /* Frameworks */ = {
			isa = PBXFrameworksBuildPhase;
			buildActionMask = 2147483647;
			files = (
			);
			runOnlyForDeploymentPostprocessing = 0;
		};
/* End PBXFrameworksBuildPhase section */

/* Begin PBXGroup section */
		C40457842DFA413D00970945 /* Secrets */ = {
			isa = PBXGroup;
			children = (
				C40457852DFA415300970945 /* APIKeys.swift */,
			);
			path = Secrets;
			sourceTree = "<group>";
		};
		C40457872DFA417400970945 /* Service */ = {
			isa = PBXGroup;
			children = (
				C4A8EB252DFB947600BBD57A /* ChatService.swift */,
			);
			path = Service;
			sourceTree = "<group>";
		};
		C49106B72DE7C2C600A13B11 = {
			isa = PBXGroup;
			children = (
				C49106E12DE7C3E000A13B11 /* ChatGPT */,
				C49106C12DE7C2C600A13B11 /* Products */,
			);
			sourceTree = "<group>";
		};
		C49106C12DE7C2C600A13B11 /* Products */ = {
			isa = PBXGroup;
			children = (
				C49106C02DE7C2C600A13B11 /* ChatGPT.app */,
			);
			name = Products;
			sourceTree = "<group>";
		};
		C49106E12DE7C3E000A13B11 /* ChatGPT */ = {
			isa = PBXGroup;
			children = (
				C40457842DFA413D00970945 /* Secrets */,
				C40457872DFA417400970945 /* Service */,
				C49F0F052DF10B710077DE93 /* Utils */,
				C49F0EFE2DF103940077DE93 /* Model */,
				C49106EA2DE7C4B600A13B11 /* Chat */,
				C49106E92DE7C3E300A13B11 /* Resources */,
				C49106DA2DE7C3E000A13B11 /* Info.plist */,
			);
			path = ChatGPT;
			sourceTree = "<group>";
		};
		C49106E92DE7C3E300A13B11 /* Resources */ = {
			isa = PBXGroup;
			children = (
				C49106D92DE7C3E000A13B11 /* Assets.xcassets */,
				C49106DC2DE7C3E000A13B11 /* LaunchScreen.storyboard */,
				C49106D82DE7C3E000A13B11 /* AppDelegate.swift */,
				C49106DF2DE7C3E000A13B11 /* SceneDelegate.swift */,
			);
			path = Resources;
			sourceTree = "<group>";
		};
		C49106EA2DE7C4B600A13B11 /* Chat */ = {
			isa = PBXGroup;
			children = (
				C49F0EEE2DF0FBC70077DE93 /* Cell */,
				C49106EB2DE7C4EB00A13B11 /* Screen */,
				C49106E02DE7C3E000A13B11 /* ChatViewController.swift */,
				C49F0EFD2DF1038C0077DE93 /* ViewModel */,
			);
			path = Chat;
			sourceTree = "<group>";
		};
		C49106EB2DE7C4EB00A13B11 /* Screen */ = {
			isa = PBXGroup;
			children = (
				C49106EC2DE7C50400A13B11 /* ChatScreen.swift */,
			);
			path = Screen;
			sourceTree = "<group>";
		};
		C49F0EEE2DF0FBC70077DE93 /* Cell */ = {
			isa = PBXGroup;
			children = (
				C49F0EF92DF0FD410077DE93 /* IncomingTableViewCell.swift */,
				C49F0EFB2DF103280077DE93 /* OutGoingTableViewCell.swift */,
			);
			path = Cell;
			sourceTree = "<group>";
		};
		C49F0EF62DF0FD100077DE93 /* Extension */ = {
			isa = PBXGroup;
			children = (
				C49F0F032DF10A150077DE93 /* String+Extension.swift */,
				C49F0EF42DF0FD100077DE93 /* UIColor.swift */,
				C49F0EF52DF0FD100077DE93 /* UIFont+Extension.swift */,
			);
			path = Extension;
			sourceTree = "<group>";
		};
		C49F0EFD2DF1038C0077DE93 /* ViewModel */ = {
			isa = PBXGroup;
			children = (
				C49F0EFF2DF103A90077DE93 /* ChatViewModel.swift */,
			);
			path = ViewModel;
			sourceTree = "<group>";
		};
		C49F0EFE2DF103940077DE93 /* Model */ = {
			isa = PBXGroup;
			children = (
				C49F0F012DF103AF0077DE93 /* Message.swift */,
			);
			path = Model;
			sourceTree = "<group>";
		};
		C49F0F052DF10B710077DE93 /* Utils */ = {
			isa = PBXGroup;
			children = (
				C49F0F082DF10B8E0077DE93 /* Sound  */,
				C49F0EF62DF0FD100077DE93 /* Extension */,
			);
			path = Utils;
			sourceTree = "<group>";
		};
		C49F0F082DF10B8E0077DE93 /* Sound  */ = {
			isa = PBXGroup;
			children = (
				C49F0F072DF10B8E0077DE93 /* send.wav */,
			);
			path = "Sound ";
			sourceTree = "<group>";
		};
/* End PBXGroup section */

/* Begin PBXNativeTarget section */
		C49106BF2DE7C2C600A13B11 /* ChatGPT */ = {
			isa = PBXNativeTarget;
			buildConfigurationList = C49106D32DE7C2C800A13B11 /* Build configuration list for PBXNativeTarget "ChatGPT" */;
			buildPhases = (
				C49106BC2DE7C2C600A13B11 /* Sources */,
				C49106BD2DE7C2C600A13B11 /* Frameworks */,
				C49106BE2DE7C2C600A13B11 /* Resources */,
			);
			buildRules = (
			);
			dependencies = (
			);
			name = ChatGPT;
			packageProductDependencies = (
			);
			productName = ChatGPT;
			productReference = C49106C02DE7C2C600A13B11 /* ChatGPT.app */;
			productType = "com.apple.product-type.application";
		};
/* End PBXNativeTarget section */

/* Begin PBXProject section */
		C49106B82DE7C2C600A13B11 /* Project object */ = {
			isa = PBXProject;
			attributes = {
				BuildIndependentTargetsInParallel = 1;
				LastSwiftUpdateCheck = 1630;
				LastUpgradeCheck = 1630;
				TargetAttributes = {
					C49106BF2DE7C2C600A13B11 = {
						CreatedOnToolsVersion = 16.3;
					};
				};
			};
			buildConfigurationList = C49106BB2DE7C2C600A13B11 /* Build configuration list for PBXProject "ChatGPT" */;
			developmentRegion = en;
			hasScannedForEncodings = 0;
			knownRegions = (
				en,
				Base,
			);
			mainGroup = C49106B72DE7C2C600A13B11;
			minimizedProjectReferenceProxies = 1;
			preferredProjectObjectVersion = 77;
			productRefGroup = C49106C12DE7C2C600A13B11 /* Products */;
			projectDirPath = "";
			projectRoot = "";
			targets = (
				C49106BF2DE7C2C600A13B11 /* ChatGPT */,
			);
		};
/* End PBXProject section */

/* Begin PBXResourcesBuildPhase section */
		C49106BE2DE7C2C600A13B11 /* Resources */ = {
			isa = PBXResourcesBuildPhase;
			buildActionMask = 2147483647;
			files = (
				C49F0F092DF10B8E0077DE93 /* send.wav in Resources */,
				C49106E52DE7C3E000A13B11 /* Assets.xcassets in Resources */,
				C49106E72DE7C3E000A13B11 /* LaunchScreen.storyboard in Resources */,
			);
			runOnlyForDeploymentPostprocessing = 0;
		};
/* End PBXResourcesBuildPhase section */

/* Begin PBXSourcesBuildPhase section */
		C49106BC2DE7C2C600A13B11 /* Sources */ = {
			isa = PBXSourcesBuildPhase;
			buildActionMask = 2147483647;
			files = (
				C49106E22DE7C3E000A13B11 /* AppDelegate.swift in Sources */,
				C49F0F042DF10A210077DE93 /* String+Extension.swift in Sources */,
				C49F0EFA2DF0FD410077DE93 /* IncomingTableViewCell.swift in Sources */,
				C49106E32DE7C3E000A13B11 /* SceneDelegate.swift in Sources */,
				C4A8EB262DFB947600BBD57A /* ChatService.swift in Sources */,
				C49F0EF72DF0FD100077DE93 /* UIColor.swift in Sources */,
				C49F0EF82DF0FD100077DE93 /* UIFont+Extension.swift in Sources */,
				C40457862DFA415900970945 /* APIKeys.swift in Sources */,
				C49F0EFC2DF103280077DE93 /* OutGoingTableViewCell.swift in Sources */,
				C49106E42DE7C3E000A13B11 /* ChatViewController.swift in Sources */,
				C49F0F022DF103B10077DE93 /* Message.swift in Sources */,
				C49F0F002DF103A90077DE93 /* ChatViewModel.swift in Sources */,
				C49106ED2DE7C50400A13B11 /* ChatScreen.swift in Sources */,
			);
			runOnlyForDeploymentPostprocessing = 0;
		};
/* End PBXSourcesBuildPhase section */

/* Begin PBXVariantGroup section */
		C49106DC2DE7C3E000A13B11 /* LaunchScreen.storyboard */ = {
			isa = PBXVariantGroup;
			children = (
				C49106DB2DE7C3E000A13B11 /* Base */,
			);
			name = LaunchScreen.storyboard;
			sourceTree = "<group>";
		};
/* End PBXVariantGroup section */

/* Begin XCBuildConfiguration section */
		C49106D42DE7C2C800A13B11 /* Debug */ = {
			isa = XCBuildConfiguration;
			buildSettings = {
				ASSETCATALOG_COMPILER_APPICON_NAME = AppIcon;
				ASSETCATALOG_COMPILER_GLOBAL_ACCENT_COLOR_NAME = AccentColor;
				CODE_SIGN_STYLE = Automatic;
				CURRENT_PROJECT_VERSION = 1;
				DEVELOPMENT_TEAM = 9FF32SR2FP;
				GENERATE_INFOPLIST_FILE = YES;
				INFOPLIST_FILE = ChatGPT/Info.plist;
				INFOPLIST_KEY_UIApplicationSupportsIndirectInputEvents = YES;
				INFOPLIST_KEY_UILaunchStoryboardName = LaunchScreen;
				INFOPLIST_KEY_UIMainStoryboardFile = "";
				INFOPLIST_KEY_UISupportedInterfaceOrientations_iPad = "UIInterfaceOrientationPortrait UIInterfaceOrientationPortraitUpsideDown UIInterfaceOrientationLandscapeLeft UIInterfaceOrientationLandscapeRight";
				INFOPLIST_KEY_UISupportedInterfaceOrientations_iPhone = "UIInterfaceOrientationPortrait UIInterfaceOrientationLandscapeLeft UIInterfaceOrientationLandscapeRight";
				LD_RUNPATH_SEARCH_PATHS = (
					"$(inherited)",
					"@executable_path/Frameworks",
				);
				MARKETING_VERSION = 1.0;
				PRODUCT_BUNDLE_IDENTIFIER = GabrielMors.ChatGPT;
				PRODUCT_NAME = "$(TARGET_NAME)";
				SWIFT_EMIT_LOC_STRINGS = YES;
				SWIFT_VERSION = 5.0;
				TARGETED_DEVICE_FAMILY = "1,2";
			};
			name = Debug;
		};
		C49106D52DE7C2C800A13B11 /* Release */ = {
			isa = XCBuildConfiguration;
			buildSettings = {
				ASSETCATALOG_COMPILER_APPICON_NAME = AppIcon;
				ASSETCATALOG_COMPILER_GLOBAL_ACCENT_COLOR_NAME = AccentColor;
				CODE_SIGN_STYLE = Automatic;
				CURRENT_PROJECT_VERSION = 1;
				DEVELOPMENT_TEAM = 9FF32SR2FP;
				GENERATE_INFOPLIST_FILE = YES;
				INFOPLIST_FILE = ChatGPT/Info.plist;
				INFOPLIST_KEY_UIApplicationSupportsIndirectInputEvents = YES;
				INFOPLIST_KEY_UILaunchStoryboardName = LaunchScreen;
				INFOPLIST_KEY_UIMainStoryboardFile = "";
				INFOPLIST_KEY_UISupportedInterfaceOrientations_iPad = "UIInterfaceOrientationPortrait UIInterfaceOrientationPortraitUpsideDown UIInterfaceOrientationLandscapeLeft UIInterfaceOrientationLandscapeRight";
				INFOPLIST_KEY_UISupportedInterfaceOrientations_iPhone = "UIInterfaceOrientationPortrait UIInterfaceOrientationLandscapeLeft UIInterfaceOrientationLandscapeRight";
				LD_RUNPATH_SEARCH_PATHS = (
					"$(inherited)",
					"@executable_path/Frameworks",
				);
				MARKETING_VERSION = 1.0;
				PRODUCT_BUNDLE_IDENTIFIER = GabrielMors.ChatGPT;
				PRODUCT_NAME = "$(TARGET_NAME)";
				SWIFT_EMIT_LOC_STRINGS = YES;
				SWIFT_VERSION = 5.0;
				TARGETED_DEVICE_FAMILY = "1,2";
			};
			name = Release;
		};
		C49106D62DE7C2C800A13B11 /* Debug */ = {
			isa = XCBuildConfiguration;
			buildSettings = {
				ALWAYS_SEARCH_USER_PATHS = NO;
				ASSETCATALOG_COMPILER_GENERATE_SWIFT_ASSET_SYMBOL_EXTENSIONS = YES;
				CLANG_ANALYZER_NONNULL = YES;
				CLANG_ANALYZER_NUMBER_OBJECT_CONVERSION = YES_AGGRESSIVE;
				CLANG_CXX_LANGUAGE_STANDARD = "gnu++20";
				CLANG_ENABLE_MODULES = YES;
				CLANG_ENABLE_OBJC_ARC = YES;
				CLANG_ENABLE_OBJC_WEAK = YES;
				CLANG_WARN_BLOCK_CAPTURE_AUTORELEASING = YES;
				CLANG_WARN_BOOL_CONVERSION = YES;
				CLANG_WARN_COMMA = YES;
				CLANG_WARN_CONSTANT_CONVERSION = YES;
				CLANG_WARN_DEPRECATED_OBJC_IMPLEMENTATIONS = YES;
				CLANG_WARN_DIRECT_OBJC_ISA_USAGE = YES_ERROR;
				CLANG_WARN_DOCUMENTATION_COMMENTS = YES;
				CLANG_WARN_EMPTY_BODY = YES;
				CLANG_WARN_ENUM_CONVERSION = YES;
				CLANG_WARN_INFINITE_RECURSION = YES;
				CLANG_WARN_INT_CONVERSION = YES;
				CLANG_WARN_NON_LITERAL_NULL_CONVERSION = YES;
				CLANG_WARN_OBJC_IMPLICIT_RETAIN_SELF = YES;
				CLANG_WARN_OBJC_LITERAL_CONVERSION = YES;
				CLANG_WARN_OBJC_ROOT_CLASS = YES_ERROR;
				CLANG_WARN_QUOTED_INCLUDE_IN_FRAMEWORK_HEADER = YES;
				CLANG_WARN_RANGE_LOOP_ANALYSIS = YES;
				CLANG_WARN_STRICT_PROTOTYPES = YES;
				CLANG_WARN_SUSPICIOUS_MOVE = YES;
				CLANG_WARN_UNGUARDED_AVAILABILITY = YES_AGGRESSIVE;
				CLANG_WARN_UNREACHABLE_CODE = YES;
				CLANG_WARN__DUPLICATE_METHOD_MATCH = YES;
				COPY_PHASE_STRIP = NO;
				DEBUG_INFORMATION_FORMAT = dwarf;
				DEVELOPMENT_TEAM = 9FF32SR2FP;
				ENABLE_STRICT_OBJC_MSGSEND = YES;
				ENABLE_TESTABILITY = YES;
				ENABLE_USER_SCRIPT_SANDBOXING = YES;
				GCC_C_LANGUAGE_STANDARD = gnu17;
				GCC_DYNAMIC_NO_PIC = NO;
				GCC_NO_COMMON_BLOCKS = YES;
				GCC_OPTIMIZATION_LEVEL = 0;
				GCC_PREPROCESSOR_DEFINITIONS = (
					"DEBUG=1",
					"$(inherited)",
				);
				GCC_WARN_64_TO_32_BIT_CONVERSION = YES;
				GCC_WARN_ABOUT_RETURN_TYPE = YES_ERROR;
				GCC_WARN_UNDECLARED_SELECTOR = YES;
				GCC_WARN_UNINITIALIZED_AUTOS = YES_AGGRESSIVE;
				GCC_WARN_UNUSED_FUNCTION = YES;
				GCC_WARN_UNUSED_VARIABLE = YES;
				IPHONEOS_DEPLOYMENT_TARGET = 18.4;
				LOCALIZATION_PREFERS_STRING_CATALOGS = YES;
				MTL_ENABLE_DEBUG_INFO = INCLUDE_SOURCE;
				MTL_FAST_MATH = YES;
				ONLY_ACTIVE_ARCH = YES;
				SDKROOT = iphoneos;
				SWIFT_ACTIVE_COMPILATION_CONDITIONS = "DEBUG $(inherited)";
				SWIFT_OPTIMIZATION_LEVEL = "-Onone";
			};
			name = Debug;
		};
		C49106D72DE7C2C800A13B11 /* Release */ = {
			isa = XCBuildConfiguration;
			buildSettings = {
				ALWAYS_SEARCH_USER_PATHS = NO;
				ASSETCATALOG_COMPILER_GENERATE_SWIFT_ASSET_SYMBOL_EXTENSIONS = YES;
				CLANG_ANALYZER_NONNULL = YES;
				CLANG_ANALYZER_NUMBER_OBJECT_CONVERSION = YES_AGGRESSIVE;
				CLANG_CXX_LANGUAGE_STANDARD = "gnu++20";
				CLANG_ENABLE_MODULES = YES;
				CLANG_ENABLE_OBJC_ARC = YES;
				CLANG_ENABLE_OBJC_WEAK = YES;
				CLANG_WARN_BLOCK_CAPTURE_AUTORELEASING = YES;
				CLANG_WARN_BOOL_CONVERSION = YES;
				CLANG_WARN_COMMA = YES;
				CLANG_WARN_CONSTANT_CONVERSION = YES;
				CLANG_WARN_DEPRECATED_OBJC_IMPLEMENTATIONS = YES;
				CLANG_WARN_DIRECT_OBJC_ISA_USAGE = YES_ERROR;
				CLANG_WARN_DOCUMENTATION_COMMENTS = YES;
				CLANG_WARN_EMPTY_BODY = YES;
				CLANG_WARN_ENUM_CONVERSION = YES;
				CLANG_WARN_INFINITE_RECURSION = YES;
				CLANG_WARN_INT_CONVERSION = YES;
				CLANG_WARN_NON_LITERAL_NULL_CONVERSION = YES;
				CLANG_WARN_OBJC_IMPLICIT_RETAIN_SELF = YES;
				CLANG_WARN_OBJC_LITERAL_CONVERSION = YES;
				CLANG_WARN_OBJC_ROOT_CLASS = YES_ERROR;
				CLANG_WARN_QUOTED_INCLUDE_IN_FRAMEWORK_HEADER = YES;
				CLANG_WARN_RANGE_LOOP_ANALYSIS = YES;
				CLANG_WARN_STRICT_PROTOTYPES = YES;
				CLANG_WARN_SUSPICIOUS_MOVE = YES;
				CLANG_WARN_UNGUARDED_AVAILABILITY = YES_AGGRESSIVE;
				CLANG_WARN_UNREACHABLE_CODE = YES;
				CLANG_WARN__DUPLICATE_METHOD_MATCH = YES;
				COPY_PHASE_STRIP = NO;
				DEBUG_INFORMATION_FORMAT = "dwarf-with-dsym";
				DEVELOPMENT_TEAM = 9FF32SR2FP;
				ENABLE_NS_ASSERTIONS = NO;
				ENABLE_STRICT_OBJC_MSGSEND = YES;
				ENABLE_USER_SCRIPT_SANDBOXING = YES;
				GCC_C_LANGUAGE_STANDARD = gnu17;
				GCC_NO_COMMON_BLOCKS = YES;
				GCC_WARN_64_TO_32_BIT_CONVERSION = YES;
				GCC_WARN_ABOUT_RETURN_TYPE = YES_ERROR;
				GCC_WARN_UNDECLARED_SELECTOR = YES;
				GCC_WARN_UNINITIALIZED_AUTOS = YES_AGGRESSIVE;
				GCC_WARN_UNUSED_FUNCTION = YES;
				GCC_WARN_UNUSED_VARIABLE = YES;
				IPHONEOS_DEPLOYMENT_TARGET = 18.4;
				LOCALIZATION_PREFERS_STRING_CATALOGS = YES;
				MTL_ENABLE_DEBUG_INFO = NO;
				MTL_FAST_MATH = YES;
				SDKROOT = iphoneos;
				SWIFT_COMPILATION_MODE = wholemodule;
				VALIDATE_PRODUCT = YES;
			};
			name = Release;
		};
/* End XCBuildConfiguration section */

/* Begin XCConfigurationList section */
		C49106BB2DE7C2C600A13B11 /* Build configuration list for PBXProject "ChatGPT" */ = {
			isa = XCConfigurationList;
			buildConfigurations = (
				C49106D62DE7C2C800A13B11 /* Debug */,
				C49106D72DE7C2C800A13B11 /* Release */,
			);
			defaultConfigurationIsVisible = 0;
			defaultConfigurationName = Release;
		};
		C49106D32DE7C2C800A13B11 /* Build configuration list for PBXNativeTarget "ChatGPT" */ = {
			isa = XCConfigurationList;
			buildConfigurations = (
				C49106D42DE7C2C800A13B11 /* Debug */,
				C49106D52DE7C2C800A13B11 /* Release */,
			);
			defaultConfigurationIsVisible = 0;
			defaultConfigurationName = Release;
		};
/* End XCConfigurationList section */
	};
	rootObject = C49106B82DE7C2C600A13B11 /* Project object */;
}
